
Microsoft Visual Studio Solution File, Format Version 12.00
# Visual Studio Version 16
VisualStudioVersion = 16.0.30611.23
MinimumVisualStudioVersion = 10.0.40219.1
Project("{FAE04EC0-301F-11D3-BF4B-00C04F79EFBC}") = "lab3", "lab3.csproj", "{B6417F3D-ACCE-4732-82F1-D3E0D3993759}"
EndProject
Global
	GlobalSection(SolutionConfigurationPlatforms) = preSolution
		Debug|Any CPU = Debug|Any CPU
		Release|Any CPU = Release|Any CPU
	EndGlobalSection
	GlobalSection(ProjectConfigurationPlatforms) = postSolution
		{B6417F3D-ACCE-4732-82F1-D3E0D3993759}.Debug|Any CPU.ActiveCfg = Debug|Any CPU
		{B6417F3D-ACCE-4732-82F1-D3E0D3993759}.Debug|Any CPU.Build.0 = Debug|Any CPU
		{B6417F3D-ACCE-4732-82F1-D3E0D3993759}.Release|Any CPU.ActiveCfg = Release|Any CPU
		{B6417F3D-ACCE-4732-82F1-D3E0D3993759}.Release|Any CPU.Build.0 = Release|Any CPU
	EndGlobalSection
	GlobalSection(SolutionProperties) = preSolution
		HideSolutionNode = FALSE
	EndGlobalSection
	GlobalSection(ExtensibilityGlobals) = postSolution
		SolutionGuid = {E3FF6BAB-9B17-48E2-831F-461989EF4068}
	EndGlobalSection
EndGlobal
